
Microsoft Visual Studio Solution File, Format Version 12.00
# Visual Studio Version 16
VisualStudioVersion = 16.0.33214.272
MinimumVisualStudioVersion = 10.0.40219.1
Project("{FAE04EC0-301F-11D3-BF4B-00C04F79EFBC}") = "ExemploWinForm0202", "ExemploWinForm0202\ExemploWinForm0202.csproj", "{44A4B730-5C8B-4822-9EFC-61249B29B57D}"
EndProject
Global
	GlobalSection(SolutionConfigurationPlatforms) = preSolution
		Debug|Any CPU = Debug|Any CPU
		Release|Any CPU = Release|Any CPU
	EndGlobalSection
	GlobalSection(ProjectConfigurationPlatforms) = postSolution
		{44A4B730-5C8B-4822-9EFC-61249B29B57D}.Debug|Any CPU.ActiveCfg = Debug|Any CPU
		{44A4B730-5C8B-4822-9EFC-61249B29B57D}.Debug|Any CPU.Build.0 = Debug|Any CPU
		{44A4B730-5C8B-4822-9EFC-61249B29B57D}.Release|Any CPU.ActiveCfg = Release|Any CPU
		{44A4B730-5C8B-4822-9EFC-61249B29B57D}.Release|Any CPU.Build.0 = Release|Any CPU
	EndGlobalSection
	GlobalSection(SolutionProperties) = preSolution
		HideSolutionNode = FALSE
	EndGlobalSection
	GlobalSection(ExtensibilityGlobals) = postSolution
		SolutionGuid = {806A8C4B-A845-4EFF-B6B4-D341C946992C}
	EndGlobalSection
EndGlobal
